
Microsoft Visual Studio Solution File, Format Version 12.00
# Visual Studio Version 16
VisualStudioVersion = 16.0.30804.86
MinimumVisualStudioVersion = 10.0.40219.1
Project("{FAE04EC0-301F-11D3-BF4B-00C04F79EFBC}") = "Portfolio", "Portfolio.csproj", "{08E142B9-07FC-4A55-97DD-6FC51D77397A}"
EndProject
Global
	GlobalSection(SolutionConfigurationPlatforms) = preSolution
		Debug|Any CPU = Debug|Any CPU
		Release|Any CPU = Release|Any CPU
	EndGlobalSection
	GlobalSection(ProjectConfigurationPlatforms) = postSolution
		{08E142B9-07FC-4A55-97DD-6FC51D77397A}.Debug|Any CPU.ActiveCfg = Debug|Any CPU
		{08E142B9-07FC-4A55-97DD-6FC51D77397A}.Debug|Any CPU.Build.0 = Debug|Any CPU
		{08E142B9-07FC-4A55-97DD-6FC51D77397A}.Release|Any CPU.ActiveCfg = Release|Any CPU
		{08E142B9-07FC-4A55-97DD-6FC51D77397A}.Release|Any CPU.Build.0 = Release|Any CPU
	EndGlobalSection
	GlobalSection(SolutionProperties) = preSolution
		HideSolutionNode = FALSE
	EndGlobalSection
	GlobalSection(ExtensibilityGlobals) = postSolution
		SolutionGuid = {A76558F0-145B-48D7-9084-53410F0CAD5E}
	EndGlobalSection
EndGlobal
